
Microsoft Visual Studio Solution File, Format Version 12.00
# Visual Studio Version 17
VisualStudioVersion = 17.6.33815.320
MinimumVisualStudioVersion = 10.0.40219.1
Project("{FAE04EC0-301F-11D3-BF4B-00C04F79EFBC}") = "running", "running.csproj", "{FA2782E0-0BC0-4B25-B43C-9E1C2A8E0ACF}"
EndProject
Global
	GlobalSection(SolutionConfigurationPlatforms) = preSolution
		Debug|Any CPU = Debug|Any CPU
		Release|Any CPU = Release|Any CPU
	EndGlobalSection
	GlobalSection(ProjectConfigurationPlatforms) = postSolution
		{FA2782E0-0BC0-4B25-B43C-9E1C2A8E0ACF}.Debug|Any CPU.ActiveCfg = Debug|Any CPU
		{FA2782E0-0BC0-4B25-B43C-9E1C2A8E0ACF}.Debug|Any CPU.Build.0 = Debug|Any CPU
		{FA2782E0-0BC0-4B25-B43C-9E1C2A8E0ACF}.Release|Any CPU.ActiveCfg = Release|Any CPU
		{FA2782E0-0BC0-4B25-B43C-9E1C2A8E0ACF}.Release|Any CPU.Build.0 = Release|Any CPU
	EndGlobalSection
	GlobalSection(SolutionProperties) = preSolution
		HideSolutionNode = FALSE
	EndGlobalSection
	GlobalSection(ExtensibilityGlobals) = postSolution
		SolutionGuid = {1D6768E7-2F6C-4811-9E7F-2844F969389A}
	EndGlobalSection
EndGlobal
